PODS:
  - Alamofire (4.7.2)
  - AlamofireObjectMapper (5.0.0):
    - Alamofire (~> 4.1)
    - ObjectMapper (~> 3.0)
  - NVActivityIndicatorView (4.2.0):
    - NVActivityIndicatorView/Presenter (= 4.2.0)
  - NVActivityIndicatorView/Presenter (4.2.0)
  - ObjectMapper (3.1.0)
  - Reachability (3.2)

DEPENDENCIES:
  - Alamofire (~> 4.7)
  - AlamofireObjectMapper (~> 5.0)
  - NVActivityIndicatorView
  - Reachability

SPEC REPOS:
  https://github.com/CocoaPods/Specs.git:
    - Alamofire
    - AlamofireObjectMapper
    - NVActivityIndicatorView
    - ObjectMapper
    - Reachability

SPEC CHECKSUMS:
  Alamofire: e4fa87002c137ba2d8d634d2c51fabcda0d5c223
  AlamofireObjectMapper: 5fafc816351cbbc0d486611aaeba7461c0cbad49
  NVActivityIndicatorView: 75c9634073e03b31d7e2748cd2417feab1206195
  ObjectMapper: 20505058f54e5c3ca69e1d6de9897d152a5369a6
  Reachability: 33e18b67625424e47b6cde6d202dce689ad7af96

PODFILE CHECKSUM: 5efcb51f3ed9416b27357f06e930e36fce6db610

COCOAPODS: 1.5.0
